
Microsoft Visual Studio Solution File, Format Version 12.00
# Visual Studio Version 17
VisualStudioVersion = 17.5.33530.505
MinimumVisualStudioVersion = 10.0.40219.1
Project("{FAE04EC0-301F-11D3-BF4B-00C04F79EFBC}") = "04_Methods.md", "04_Methods.md\04_Methods.md.csproj", "{14E63FA9-D0D4-41CD-9E9C-20A7B8F2A6CE}"
EndProject
Global
	GlobalSection(SolutionConfigurationPlatforms) = preSolution
		Debug|Any CPU = Debug|Any CPU
		Release|Any CPU = Release|Any CPU
	EndGlobalSection
	GlobalSection(ProjectConfigurationPlatforms) = postSolution
		{14E63FA9-D0D4-41CD-9E9C-20A7B8F2A6CE}.Debug|Any CPU.ActiveCfg = Debug|Any CPU
		{14E63FA9-D0D4-41CD-9E9C-20A7B8F2A6CE}.Debug|Any CPU.Build.0 = Debug|Any CPU
		{14E63FA9-D0D4-41CD-9E9C-20A7B8F2A6CE}.Release|Any CPU.ActiveCfg = Release|Any CPU
		{14E63FA9-D0D4-41CD-9E9C-20A7B8F2A6CE}.Release|Any CPU.Build.0 = Release|Any CPU
	EndGlobalSection
	GlobalSection(SolutionProperties) = preSolution
		HideSolutionNode = FALSE
	EndGlobalSection
	GlobalSection(ExtensibilityGlobals) = postSolution
		SolutionGuid = {390E99E5-7F01-4DE1-9388-ED5D50570BC4}
	EndGlobalSection
EndGlobal
