
Microsoft Visual Studio Solution File, Format Version 12.00
# Visual Studio Version 17
VisualStudioVersion = 17.5.33530.505
MinimumVisualStudioVersion = 10.0.40219.1
Project("{FAE04EC0-301F-11D3-BF4B-00C04F79EFBC}") = "Assignment2", "Assignment2.csproj", "{DBF94A84-9D03-4C7B-827B-21DE43C9A925}"
EndProject
Global
	GlobalSection(SolutionConfigurationPlatforms) = preSolution
		Debug|Any CPU = Debug|Any CPU
		Release|Any CPU = Release|Any CPU
	EndGlobalSection
	GlobalSection(ProjectConfigurationPlatforms) = postSolution
		{DBF94A84-9D03-4C7B-827B-21DE43C9A925}.Debug|Any CPU.ActiveCfg = Debug|Any CPU
		{DBF94A84-9D03-4C7B-827B-21DE43C9A925}.Debug|Any CPU.Build.0 = Debug|Any CPU
		{DBF94A84-9D03-4C7B-827B-21DE43C9A925}.Release|Any CPU.ActiveCfg = Release|Any CPU
		{DBF94A84-9D03-4C7B-827B-21DE43C9A925}.Release|Any CPU.Build.0 = Release|Any CPU
	EndGlobalSection
	GlobalSection(SolutionProperties) = preSolution
		HideSolutionNode = FALSE
	EndGlobalSection
	GlobalSection(ExtensibilityGlobals) = postSolution
		SolutionGuid = {656CD51E-F656-4005-AAF3-3F1870D53D06}
	EndGlobalSection
EndGlobal
