
Microsoft Visual Studio Solution File, Format Version 12.00
# Visual Studio Version 17
VisualStudioVersion = 17.0.31903.59
MinimumVisualStudioVersion = 10.0.40219.1
Project("{FAE04EC0-301F-11D3-BF4B-00C04F79EFBC}") = "Foo", "Foo\Foo.csproj", "{3F1C0303-B05D-41CF-99AD-698996FA7621}"
EndProject
Project("{FAE04EC0-301F-11D3-BF4B-00C04F79EFBC}") = "Bar", "Bar\Bar.csproj", "{40EA7D0C-C4A4-4C15-A214-F58DF39DAEBB}"
EndProject
Project("{FAE04EC0-301F-11D3-BF4B-00C04F79EFBC}") = "Test", "Test.csproj", "{7CC3B77F-7159-4895-B559-53F60D483445}"
EndProject
Global
	GlobalSection(SolutionConfigurationPlatforms) = preSolution
		Debug|Any CPU = Debug|Any CPU
		Release|Any CPU = Release|Any CPU
	EndGlobalSection
	GlobalSection(SolutionProperties) = preSolution
		HideSolutionNode = FALSE
	EndGlobalSection
	GlobalSection(ProjectConfigurationPlatforms) = postSolution
		{3F1C0303-B05D-41CF-99AD-698996FA7621}.Debug|Any CPU.ActiveCfg = Debug|Any CPU
		{3F1C0303-B05D-41CF-99AD-698996FA7621}.Debug|Any CPU.Build.0 = Debug|Any CPU
		{3F1C0303-B05D-41CF-99AD-698996FA7621}.Release|Any CPU.ActiveCfg = Release|Any CPU
		{3F1C0303-B05D-41CF-99AD-698996FA7621}.Release|Any CPU.Build.0 = Release|Any CPU
		{40EA7D0C-C4A4-4C15-A214-F58DF39DAEBB}.Debug|Any CPU.ActiveCfg = Debug|Any CPU
		{40EA7D0C-C4A4-4C15-A214-F58DF39DAEBB}.Debug|Any CPU.Build.0 = Debug|Any CPU
		{40EA7D0C-C4A4-4C15-A214-F58DF39DAEBB}.Release|Any CPU.ActiveCfg = Release|Any CPU
		{40EA7D0C-C4A4-4C15-A214-F58DF39DAEBB}.Release|Any CPU.Build.0 = Release|Any CPU
		{7CC3B77F-7159-4895-B559-53F60D483445}.Debug|Any CPU.ActiveCfg = Debug|Any CPU
		{7CC3B77F-7159-4895-B559-53F60D483445}.Debug|Any CPU.Build.0 = Debug|Any CPU
		{7CC3B77F-7159-4895-B559-53F60D483445}.Release|Any CPU.ActiveCfg = Release|Any CPU
		{7CC3B77F-7159-4895-B559-53F60D483445}.Release|Any CPU.Build.0 = Release|Any CPU
	EndGlobalSection
EndGlobal
