
Microsoft Visual Studio Solution File, Format Version 12.00
# Visual Studio Version 17
VisualStudioVersion = 17.5.33530.505
MinimumVisualStudioVersion = 10.0.40219.1
Project("{FAE04EC0-301F-11D3-BF4B-00C04F79EFBC}") = "SOLID", "SOLID\SOLID.csproj", "{F18C7977-C890-433D-BD70-CC92DDE46071}"
EndProject
Global
	GlobalSection(SolutionConfigurationPlatforms) = preSolution
		Debug|Any CPU = Debug|Any CPU
		Release|Any CPU = Release|Any CPU
	EndGlobalSection
	GlobalSection(ProjectConfigurationPlatforms) = postSolution
		{F18C7977-C890-433D-BD70-CC92DDE46071}.Debug|Any CPU.ActiveCfg = Debug|Any CPU
		{F18C7977-C890-433D-BD70-CC92DDE46071}.Debug|Any CPU.Build.0 = Debug|Any CPU
		{F18C7977-C890-433D-BD70-CC92DDE46071}.Release|Any CPU.ActiveCfg = Release|Any CPU
		{F18C7977-C890-433D-BD70-CC92DDE46071}.Release|Any CPU.Build.0 = Release|Any CPU
	EndGlobalSection
	GlobalSection(SolutionProperties) = preSolution
		HideSolutionNode = FALSE
	EndGlobalSection
	GlobalSection(ExtensibilityGlobals) = postSolution
		SolutionGuid = {6EFEB2A5-6A7B-44F4-AE42-6D0D2C953B4E}
	EndGlobalSection
EndGlobal
